
Microsoft Visual Studio Solution File, Format Version 12.00
# Visual Studio Version 16
VisualStudioVersion = 16.0.31515.178
MinimumVisualStudioVersion = 10.0.40219.1
Project("{FAE04EC0-301F-11D3-BF4B-00C04F79EFBC}") = "Gæt et tal", "Gæt et tal\Gæt et tal.csproj", "{32FFEC91-FDEB-424F-BC10-E5FE91FDB936}"
EndProject
Global
	GlobalSection(SolutionConfigurationPlatforms) = preSolution
		Debug|Any CPU = Debug|Any CPU
		Release|Any CPU = Release|Any CPU
	EndGlobalSection
	GlobalSection(ProjectConfigurationPlatforms) = postSolution
		{32FFEC91-FDEB-424F-BC10-E5FE91FDB936}.Debug|Any CPU.ActiveCfg = Debug|Any CPU
		{32FFEC91-FDEB-424F-BC10-E5FE91FDB936}.Debug|Any CPU.Build.0 = Debug|Any CPU
		{32FFEC91-FDEB-424F-BC10-E5FE91FDB936}.Release|Any CPU.ActiveCfg = Release|Any CPU
		{32FFEC91-FDEB-424F-BC10-E5FE91FDB936}.Release|Any CPU.Build.0 = Release|Any CPU
	EndGlobalSection
	GlobalSection(SolutionProperties) = preSolution
		HideSolutionNode = FALSE
	EndGlobalSection
	GlobalSection(ExtensibilityGlobals) = postSolution
		SolutionGuid = {D6D62B22-CB12-444A-9313-675D8F126B35}
	EndGlobalSection
EndGlobal
